// !$*UTF8*$!
{
	archiveVersion = 1;
	classes = {
	};
	objectVersion = 46;
	objects = {

/* Begin PBXBuildFile section */
		D8B48ECC1E116DDC0075A689 /* main.m in Sources */ = {isa = PBXBuildFile; fileRef = D8B48ECB1E116DDC0075A689 /* main.m */; };
		D8B48ECF1E116DDC0075A689 /* AppDelegate.m in Sources */ = {isa = PBXBuildFile; fileRef = D8B48ECE1E116DDC0075A689 /* AppDelegate.m */; };
		D8B48ED21E116DDC0075A689 /* ViewController.m in Sources */ = {isa = PBXBuildFile; fileRef = D8B48ED11E116DDC0075A689 /* ViewController.m */; };
		D8B48ED51E116DDC0075A689 /* Main.storyboard in Resources */ = {isa = PBXBuildFile; fileRef = D8B48ED31E116DDC0075A689 /* Main.storyboard */; };
		D8B48ED71E116DDC0075A689 /* Assets.xcassets in Resources */ = {isa = PBXBuildFile; fileRef = D8B48ED61E116DDC0075A689 /* Assets.xcassets */; };
		D8B48EDA1E116DDC0075A689 /* LaunchScreen.storyboard in Resources */ = {isa = PBXBuildFile; fileRef = D8B48ED81E116DDC0075A689 /* LaunchScreen.storyboard */; };
		D8B48F301E11722A0075A689 /* ServerAPI.m in Sources */ = {isa = PBXBuildFile; fileRef = D8B48F2A1E11722A0075A689 /* ServerAPI.m */; };
		D8B48F311E11722A0075A689 /* ServerAPIManager.m in Sources */ = {isa = PBXBuildFile; fileRef = D8B48F2C1E11722A0075A689 /* ServerAPIManager.m */; };
		D8B48F321E11722A0075A689 /* ServerResult.m in Sources */ = {isa = PBXBuildFile; fileRef = D8B48F2F1E11722A0075A689 /* ServerResult.m */; };
		D8B48F411E1AB19C0075A689 /* ServerAPI+Demo.m in Sources */ = {isa = PBXBuildFile; fileRef = D8B48F401E1AB19C0075A689 /* ServerAPI+Demo.m */; };
		D8B48F441E1AB30B0075A689 /* ServerAPIManager+Demo.m in Sources */ = {isa = PBXBuildFile; fileRef = D8B48F431E1AB30B0075A689 /* ServerAPIManager+Demo.m */; };
		D8B48F471E1AB3210075A689 /* ServerResult+Demo.m in Sources */ = {isa = PBXBuildFile; fileRef = D8B48F461E1AB3210075A689 /* ServerResult+Demo.m */; };
		D8B48F4B1E1AC2390075A689 /* DemoAPI.m in Sources */ = {isa = PBXBuildFile; fileRef = D8B48F4A1E1AC2390075A689 /* DemoAPI.m */; };
		D8B48F4E1E1AC2AD0075A689 /* BaseServerAPI.m in Sources */ = {isa = PBXBuildFile; fileRef = D8B48F4D1E1AC2AD0075A689 /* BaseServerAPI.m */; };
/* End PBXBuildFile section */

/* Begin PBXFileReference section */
		8483A0A11F6F93ED003E0EC2 /* ServerAPI.podspec */ = {isa = PBXFileReference; lastKnownFileType = text; path = ServerAPI.podspec; sourceTree = SOURCE_ROOT; };
		D8B48EC71E116DDC0075A689 /* ServerAPIDemo.app */ = {isa = PBXFileReference; explicitFileType = wrapper.application; includeInIndex = 0; path = ServerAPIDemo.app; sourceTree = BUILT_PRODUCTS_DIR; };
		D8B48ECB1E116DDC0075A689 /* main.m */ = {isa = PBXFileReference; lastKnownFileType = sourcecode.c.objc; path = main.m; sourceTree = "<group>"; };
		D8B48ECD1E116DDC0075A689 /* AppDelegate.h */ = {isa = PBXFileReference; lastKnownFileType = sourcecode.c.h; path = AppDelegate.h; sourceTree = "<group>"; };
		D8B48ECE1E116DDC0075A689 /* AppDelegate.m */ = {isa = PBXFileReference; lastKnownFileType = sourcecode.c.objc; path = AppDelegate.m; sourceTree = "<group>"; };
		D8B48ED01E116DDC0075A689 /* ViewController.h */ = {isa = PBXFileReference; lastKnownFileType = sourcecode.c.h; path = ViewController.h; sourceTree = "<group>"; };
		D8B48ED11E116DDC0075A689 /* ViewController.m */ = {isa = PBXFileReference; lastKnownFileType = sourcecode.c.objc; path = ViewController.m; sourceTree = "<group>"; };
		D8B48ED41E116DDC0075A689 /* Base */ = {isa = PBXFileReference; lastKnownFileType = file.storyboard; name = Base; path = Base.lproj/Main.storyboard; sourceTree = "<group>"; };
		D8B48ED61E116DDC0075A689 /* Assets.xcassets */ = {isa = PBXFileReference; lastKnownFileType = folder.assetcatalog; path = Assets.xcassets; sourceTree = "<group>"; };
		D8B48ED91E116DDC0075A689 /* Base */ = {isa = PBXFileReference; lastKnownFileType = file.storyboard; name = Base; path = Base.lproj/LaunchScreen.storyboard; sourceTree = "<group>"; };
		D8B48EDB1E116DDD0075A689 /* Info.plist */ = {isa = PBXFileReference; lastKnownFileType = text.plist.xml; path = Info.plist; sourceTree = "<group>"; };
		D8B48F291E11722A0075A689 /* ServerAPI.h */ = {isa = PBXFileReference; fileEncoding = 4; lastKnownFileType = sourcecode.c.h; path = ServerAPI.h; sourceTree = "<group>"; };
		D8B48F2A1E11722A0075A689 /* ServerAPI.m */ = {isa = PBXFileReference; fileEncoding = 4; lastKnownFileType = sourcecode.c.objc; path = ServerAPI.m; sourceTree = "<group>"; };
		D8B48F2B1E11722A0075A689 /* ServerAPIManager.h */ = {isa = PBXFileReference; fileEncoding = 4; lastKnownFileType = sourcecode.c.h; path = ServerAPIManager.h; sourceTree = "<group>"; };
		D8B48F2C1E11722A0075A689 /* ServerAPIManager.m */ = {isa = PBXFileReference; fileEncoding = 4; lastKnownFileType = sourcecode.c.objc; path = ServerAPIManager.m; sourceTree = "<group>"; };
		D8B48F2D1E11722A0075A689 /* ServerAPIProtocol.h */ = {isa = PBXFileReference; fileEncoding = 4; lastKnownFileType = sourcecode.c.h; path = ServerAPIProtocol.h; sourceTree = "<group>"; };
		D8B48F2E1E11722A0075A689 /* ServerResult.h */ = {isa = PBXFileReference; fileEncoding = 4; lastKnownFileType = sourcecode.c.h; path = ServerResult.h; sourceTree = "<group>"; };
		D8B48F2F1E11722A0075A689 /* ServerResult.m */ = {isa = PBXFileReference; fileEncoding = 4; lastKnownFileType = sourcecode.c.objc; path = ServerResult.m; sourceTree = "<group>"; };
		D8B48F3F1E1AB19C0075A689 /* ServerAPI+Demo.h */ = {isa = PBXFileReference; fileEncoding = 4; lastKnownFileType = sourcecode.c.h; path = "ServerAPI+Demo.h"; sourceTree = "<group>"; };
		D8B48F401E1AB19C0075A689 /* ServerAPI+Demo.m */ = {isa = PBXFileReference; fileEncoding = 4; lastKnownFileType = sourcecode.c.objc; path = "ServerAPI+Demo.m"; sourceTree = "<group>"; };
		D8B48F421E1AB30B0075A689 /* ServerAPIManager+Demo.h */ = {isa = PBXFileReference; fileEncoding = 4; lastKnownFileType = sourcecode.c.h; path = "ServerAPIManager+Demo.h"; sourceTree = "<group>"; };
		D8B48F431E1AB30B0075A689 /* ServerAPIManager+Demo.m */ = {isa = PBXFileReference; fileEncoding = 4; lastKnownFileType = sourcecode.c.objc; path = "ServerAPIManager+Demo.m"; sourceTree = "<group>"; };
		D8B48F451E1AB3210075A689 /* ServerResult+Demo.h */ = {isa = PBXFileReference; fileEncoding = 4; lastKnownFileType = sourcecode.c.h; path = "ServerResult+Demo.h"; sourceTree = "<group>"; };
		D8B48F461E1AB3210075A689 /* ServerResult+Demo.m */ = {isa = PBXFileReference; fileEncoding = 4; lastKnownFileType = sourcecode.c.objc; path = "ServerResult+Demo.m"; sourceTree = "<group>"; };
		D8B48F491E1AC2390075A689 /* DemoAPI.h */ = {isa = PBXFileReference; fileEncoding = 4; lastKnownFileType = sourcecode.c.h; path = DemoAPI.h; sourceTree = "<group>"; };
		D8B48F4A1E1AC2390075A689 /* DemoAPI.m */ = {isa = PBXFileReference; fileEncoding = 4; lastKnownFileType = sourcecode.c.objc; path = DemoAPI.m; sourceTree = "<group>"; };
		D8B48F4C1E1AC2AD0075A689 /* BaseServerAPI.h */ = {isa = PBXFileReference; fileEncoding = 4; lastKnownFileType = sourcecode.c.h; path = BaseServerAPI.h; sourceTree = "<group>"; };
		D8B48F4D1E1AC2AD0075A689 /* BaseServerAPI.m */ = {isa = PBXFileReference; fileEncoding = 4; lastKnownFileType = sourcecode.c.objc; path = BaseServerAPI.m; sourceTree = "<group>"; };
		D8B48F4F1E1AC73E0075A689 /* PrefixHeader.pch */ = {isa = PBXFileReference; lastKnownFileType = sourcecode.c.h; path = PrefixHeader.pch; sourceTree = "<group>"; };
/* End PBXFileReference section */

/* Begin PBXFrameworksBuildPhase section */
		D8B48EC41E116DDC0075A689 /* Frameworks */ = {
			isa = PBXFrameworksBuildPhase;
			buildActionMask = 2147483647;
			files = (
			);
			runOnlyForDeploymentPostprocessing = 0;
		};
/* End PBXFrameworksBuildPhase section */

/* Begin PBXGroup section */
		D8B48EBE1E116DDC0075A689 = {
			isa = PBXGroup;
			children = (
				D8B48EC91E116DDC0075A689 /* ServerAPIDemo */,
				D8B48EC81E116DDC0075A689 /* Products */,
			);
			sourceTree = "<group>";
		};
		D8B48EC81E116DDC0075A689 /* Products */ = {
			isa = PBXGroup;
			children = (
				D8B48EC71E116DDC0075A689 /* ServerAPIDemo.app */,
			);
			name = Products;
			sourceTree = "<group>";
		};
		D8B48EC91E116DDC0075A689 /* ServerAPIDemo */ = {
			isa = PBXGroup;
			children = (
				8483A0A11F6F93ED003E0EC2 /* ServerAPI.podspec */,
				D8B48F481E1AC2160075A689 /* ServerAPIs */,
				D8B48F351E1AA1A00075A689 /* ServerAPICategory */,
				D8B48F281E11722A0075A689 /* ServerAPI */,
				D8B48ECD1E116DDC0075A689 /* AppDelegate.h */,
				D8B48ECE1E116DDC0075A689 /* AppDelegate.m */,
				D8B48ED01E116DDC0075A689 /* ViewController.h */,
				D8B48ED11E116DDC0075A689 /* ViewController.m */,
				D8B48ED31E116DDC0075A689 /* Main.storyboard */,
				D8B48ED61E116DDC0075A689 /* Assets.xcassets */,
				D8B48ED81E116DDC0075A689 /* LaunchScreen.storyboard */,
				D8B48EDB1E116DDD0075A689 /* Info.plist */,
				D8B48ECA1E116DDC0075A689 /* Supporting Files */,
			);
			path = ServerAPIDemo;
			sourceTree = "<group>";
		};
		D8B48ECA1E116DDC0075A689 /* Supporting Files */ = {
			isa = PBXGroup;
			children = (
				D8B48ECB1E116DDC0075A689 /* main.m */,
				D8B48F4F1E1AC73E0075A689 /* PrefixHeader.pch */,
			);
			name = "Supporting Files";
			sourceTree = "<group>";
		};
		D8B48F281E11722A0075A689 /* ServerAPI */ = {
			isa = PBXGroup;
			children = (
				D8B48F291E11722A0075A689 /* ServerAPI.h */,
				D8B48F2A1E11722A0075A689 /* ServerAPI.m */,
				D8B48F2B1E11722A0075A689 /* ServerAPIManager.h */,
				D8B48F2C1E11722A0075A689 /* ServerAPIManager.m */,
				D8B48F2D1E11722A0075A689 /* ServerAPIProtocol.h */,
				D8B48F2E1E11722A0075A689 /* ServerResult.h */,
				D8B48F2F1E11722A0075A689 /* ServerResult.m */,
			);
			path = ServerAPI;
			sourceTree = SOURCE_ROOT;
		};
		D8B48F351E1AA1A00075A689 /* ServerAPICategory */ = {
			isa = PBXGroup;
			children = (
				D8B48F3F1E1AB19C0075A689 /* ServerAPI+Demo.h */,
				D8B48F401E1AB19C0075A689 /* ServerAPI+Demo.m */,
				D8B48F421E1AB30B0075A689 /* ServerAPIManager+Demo.h */,
				D8B48F431E1AB30B0075A689 /* ServerAPIManager+Demo.m */,
				D8B48F451E1AB3210075A689 /* ServerResult+Demo.h */,
				D8B48F461E1AB3210075A689 /* ServerResult+Demo.m */,
			);
			path = ServerAPICategory;
			sourceTree = "<group>";
		};
		D8B48F481E1AC2160075A689 /* ServerAPIs */ = {
			isa = PBXGroup;
			children = (
				D8B48F4C1E1AC2AD0075A689 /* BaseServerAPI.h */,
				D8B48F4D1E1AC2AD0075A689 /* BaseServerAPI.m */,
				D8B48F491E1AC2390075A689 /* DemoAPI.h */,
				D8B48F4A1E1AC2390075A689 /* DemoAPI.m */,
			);
			path = ServerAPIs;
			sourceTree = "<group>";
		};
/* End PBXGroup section */

/* Begin PBXNativeTarget section */
		D8B48EC61E116DDC0075A689 /* ServerAPIDemo */ = {
			isa = PBXNativeTarget;
			buildConfigurationList = D8B48EF41E116DDD0075A689 /* Build configuration list for PBXNativeTarget "ServerAPIDemo" */;
			buildPhases = (
				D8B48EC31E116DDC0075A689 /* Sources */,
				D8B48EC41E116DDC0075A689 /* Frameworks */,
				D8B48EC51E116DDC0075A689 /* Resources */,
			);
			buildRules = (
			);
			dependencies = (
			);
			name = ServerAPIDemo;
			productName = ServerAPIDemo;
			productReference = D8B48EC71E116DDC0075A689 /* ServerAPIDemo.app */;
			productType = "com.apple.product-type.application";
		};
/* End PBXNativeTarget section */

/* Begin PBXProject section */
		D8B48EBF1E116DDC0075A689 /* Project object */ = {
			isa = PBXProject;
			attributes = {
				LastUpgradeCheck = 0810;
				ORGANIZATIONNAME = "Zhao Yiqi";
				TargetAttributes = {
					D8B48EC61E116DDC0075A689 = {
						CreatedOnToolsVersion = 8.1;
						DevelopmentTeam = YDDJ83LVSQ;
						ProvisioningStyle = Automatic;
					};
				};
			};
			buildConfigurationList = D8B48EC21E116DDC0075A689 /* Build configuration list for PBXProject "ServerAPIDemo" */;
			compatibilityVersion = "Xcode 3.2";
			developmentRegion = English;
			hasScannedForEncodings = 0;
			knownRegions = (
				en,
				Base,
			);
			mainGroup = D8B48EBE1E116DDC0075A689;
			productRefGroup = D8B48EC81E116DDC0075A689 /* Products */;
			projectDirPath = "";
			projectRoot = "";
			targets = (
				D8B48EC61E116DDC0075A689 /* ServerAPIDemo */,
			);
		};
/* End PBXProject section */

/* Begin PBXResourcesBuildPhase section */
		D8B48EC51E116DDC0075A689 /* Resources */ = {
			isa = PBXResourcesBuildPhase;
			buildActionMask = 2147483647;
			files = (
				D8B48EDA1E116DDC0075A689 /* LaunchScreen.storyboard in Resources */,
				D8B48ED71E116DDC0075A689 /* Assets.xcassets in Resources */,
				D8B48ED51E116DDC0075A689 /* Main.storyboard in Resources */,
			);
			runOnlyForDeploymentPostprocessing = 0;
		};
/* End PBXResourcesBuildPhase section */

/* Begin PBXSourcesBuildPhase section */
		D8B48EC31E116DDC0075A689 /* Sources */ = {
			isa = PBXSourcesBuildPhase;
			buildActionMask = 2147483647;
			files = (
				D8B48F4E1E1AC2AD0075A689 /* BaseServerAPI.m in Sources */,
				D8B48F471E1AB3210075A689 /* ServerResult+Demo.m in Sources */,
				D8B48F4B1E1AC2390075A689 /* DemoAPI.m in Sources */,
				D8B48ED21E116DDC0075A689 /* ViewController.m in Sources */,
				D8B48ECF1E116DDC0075A689 /* AppDelegate.m in Sources */,
				D8B48F441E1AB30B0075A689 /* ServerAPIManager+Demo.m in Sources */,
				D8B48F311E11722A0075A689 /* ServerAPIManager.m in Sources */,
				D8B48F321E11722A0075A689 /* ServerResult.m in Sources */,
				D8B48ECC1E116DDC0075A689 /* main.m in Sources */,
				D8B48F301E11722A0075A689 /* ServerAPI.m in Sources */,
				D8B48F411E1AB19C0075A689 /* ServerAPI+Demo.m in Sources */,
			);
			runOnlyForDeploymentPostprocessing = 0;
		};
/* End PBXSourcesBuildPhase section */

/* Begin PBXVariantGroup section */
		D8B48ED31E116DDC0075A689 /* Main.storyboard */ = {
			isa = PBXVariantGroup;
			children = (
				D8B48ED41E116DDC0075A689 /* Base */,
			);
			name = Main.storyboard;
			sourceTree = "<group>";
		};
		D8B48ED81E116DDC0075A689 /* LaunchScreen.storyboard */ = {
			isa = PBXVariantGroup;
			children = (
				D8B48ED91E116DDC0075A689 /* Base */,
			);
			name = LaunchScreen.storyboard;
			sourceTree = "<group>";
		};
/* End PBXVariantGroup section */

/* Begin XCBuildConfiguration section */
		D8B48EF21E116DDD0075A689 /* Debug */ = {
			isa = XCBuildConfiguration;
			buildSettings = {
				ALWAYS_SEARCH_USER_PATHS = NO;
				CLANG_ANALYZER_NONNULL = YES;
				CLANG_CXX_LANGUAGE_STANDARD = "gnu++0x";
				CLANG_CXX_LIBRARY = "libc++";
				CLANG_ENABLE_MODULES = YES;
				CLANG_ENABLE_OBJC_ARC = YES;
				CLANG_WARN_BOOL_CONVERSION = YES;
				CLANG_WARN_CONSTANT_CONVERSION = YES;
				CLANG_WARN_DIRECT_OBJC_ISA_USAGE = YES_ERROR;
				CLANG_WARN_DOCUMENTATION_COMMENTS = YES;
				CLANG_WARN_EMPTY_BODY = YES;
				CLANG_WARN_ENUM_CONVERSION = YES;
				CLANG_WARN_INFINITE_RECURSION = YES;
				CLANG_WARN_INT_CONVERSION = YES;
				CLANG_WARN_OBJC_ROOT_CLASS = YES_ERROR;
				CLANG_WARN_SUSPICIOUS_MOVES = YES;
				CLANG_WARN_UNREACHABLE_CODE = YES;
				CLANG_WARN__DUPLICATE_METHOD_MATCH = YES;
				"CODE_SIGN_IDENTITY[sdk=iphoneos*]" = "iPhone Developer";
				COPY_PHASE_STRIP = NO;
				DEBUG_INFORMATION_FORMAT = dwarf;
				ENABLE_STRICT_OBJC_MSGSEND = YES;
				ENABLE_TESTABILITY = YES;
				GCC_C_LANGUAGE_STANDARD = gnu99;
				GCC_DYNAMIC_NO_PIC = NO;
				GCC_NO_COMMON_BLOCKS = YES;
				GCC_OPTIMIZATION_LEVEL = 0;
				GCC_PRECOMPILE_PREFIX_HEADER = YES;
				GCC_PREFIX_HEADER = "$(SRCROOT)/ServerAPIDemo/PrefixHeader.pch";
				GCC_PREPROCESSOR_DEFINITIONS = (
					"DEBUG=1",
					"$(inherited)",
				);
				GCC_WARN_64_TO_32_BIT_CONVERSION = YES;
				GCC_WARN_ABOUT_RETURN_TYPE = YES_ERROR;
				GCC_WARN_UNDECLARED_SELECTOR = YES;
				GCC_WARN_UNINITIALIZED_AUTOS = YES_AGGRESSIVE;
				GCC_WARN_UNUSED_FUNCTION = YES;
				GCC_WARN_UNUSED_VARIABLE = YES;
				IPHONEOS_DEPLOYMENT_TARGET = 10.1;
				MTL_ENABLE_DEBUG_INFO = YES;
				ONLY_ACTIVE_ARCH = YES;
				SDKROOT = iphoneos;
				TARGETED_DEVICE_FAMILY = "1,2";
			};
			name = Debug;
		};
		D8B48EF31E116DDD0075A689 /* Release */ = {
			isa = XCBuildConfiguration;
			buildSettings = {
				ALWAYS_SEARCH_USER_PATHS = NO;
				CLANG_ANALYZER_NONNULL = YES;
				CLANG_CXX_LANGUAGE_STANDARD = "gnu++0x";
				CLANG_CXX_LIBRARY = "libc++";
				CLANG_ENABLE_MODULES = YES;
				CLANG_ENABLE_OBJC_ARC = YES;
				CLANG_WARN_BOOL_CONVERSION = YES;
				CLANG_WARN_CONSTANT_CONVERSION = YES;
				CLANG_WARN_DIRECT_OBJC_ISA_USAGE = YES_ERROR;
				CLANG_WARN_DOCUMENTATION_COMMENTS = YES;
				CLANG_WARN_EMPTY_BODY = YES;
				CLANG_WARN_ENUM_CONVERSION = YES;
				CLANG_WARN_INFINITE_RECURSION = YES;
				CLANG_WARN_INT_CONVERSION = YES;
				CLANG_WARN_OBJC_ROOT_CLASS = YES_ERROR;
				CLANG_WARN_SUSPICIOUS_MOVES = YES;
				CLANG_WARN_UNREACHABLE_CODE = YES;
				CLANG_WARN__DUPLICATE_METHOD_MATCH = YES;
				"CODE_SIGN_IDENTITY[sdk=iphoneos*]" = "iPhone Developer";
				COPY_PHASE_STRIP = NO;
				DEBUG_INFORMATION_FORMAT = "dwarf-with-dsym";
				ENABLE_NS_ASSERTIONS = NO;
				ENABLE_STRICT_OBJC_MSGSEND = YES;
				GCC_C_LANGUAGE_STANDARD = gnu99;
				GCC_NO_COMMON_BLOCKS = YES;
				GCC_PRECOMPILE_PREFIX_HEADER = YES;
				GCC_PREFIX_HEADER = "$(SRCROOT)/ServerAPIDemo/PrefixHeader.pch";
				GCC_WARN_64_TO_32_BIT_CONVERSION = YES;
				GCC_WARN_ABOUT_RETURN_TYPE = YES_ERROR;
				GCC_WARN_UNDECLARED_SELECTOR = YES;
				GCC_WARN_UNINITIALIZED_AUTOS = YES_AGGRESSIVE;
				GCC_WARN_UNUSED_FUNCTION = YES;
				GCC_WARN_UNUSED_VARIABLE = YES;
				IPHONEOS_DEPLOYMENT_TARGET = 10.1;
				MTL_ENABLE_DEBUG_INFO = NO;
				SDKROOT = iphoneos;
				TARGETED_DEVICE_FAMILY = "1,2";
				VALIDATE_PRODUCT = YES;
			};
			name = Release;
		};
		D8B48EF51E116DDD0075A689 /* Debug */ = {
			isa = XCBuildConfiguration;
			buildSettings = {
				ASSETCATALOG_COMPILER_APPICON_NAME = AppIcon;
				DEVELOPMENT_TEAM = YDDJ83LVSQ;
				INFOPLIST_FILE = ServerAPIDemo/Info.plist;
				LD_RUNPATH_SEARCH_PATHS = "$(inherited) @executable_path/Frameworks";
				PRODUCT_BUNDLE_IDENTIFIER = com.zyq.ServerAPIDemo;
				PRODUCT_NAME = "$(TARGET_NAME)";
			};
			name = Debug;
		};
		D8B48EF61E116DDD0075A689 /* Release */ = {
			isa = XCBuildConfiguration;
			buildSettings = {
				ASSETCATALOG_COMPILER_APPICON_NAME = AppIcon;
				DEVELOPMENT_TEAM = YDDJ83LVSQ;
				INFOPLIST_FILE = ServerAPIDemo/Info.plist;
				LD_RUNPATH_SEARCH_PATHS = "$(inherited) @executable_path/Frameworks";
				PRODUCT_BUNDLE_IDENTIFIER = com.zyq.ServerAPIDemo;
				PRODUCT_NAME = "$(TARGET_NAME)";
			};
			name = Release;
		};
/* End XCBuildConfiguration section */

/* Begin XCConfigurationList section */
		D8B48EC21E116DDC0075A689 /* Build configuration list for PBXProject "ServerAPIDemo" */ = {
			isa = XCConfigurationList;
			buildConfigurations = (
				D8B48EF21E116DDD0075A689 /* Debug */,
				D8B48EF31E116DDD0075A689 /* Release */,
			);
			defaultConfigurationIsVisible = 0;
			defaultConfigurationName = Release;
		};
		D8B48EF41E116DDD0075A689 /* Build configuration list for PBXNativeTarget "ServerAPIDemo" */ = {
			isa = XCConfigurationList;
			buildConfigurations = (
				D8B48EF51E116DDD0075A689 /* Debug */,
				D8B48EF61E116DDD0075A689 /* Release */,
			);
			defaultConfigurationIsVisible = 0;
			defaultConfigurationName = Release;
		};
/* End XCConfigurationList section */
	};
	rootObject = D8B48EBF1E116DDC0075A689 /* Project object */;
}
